
Microsoft Visual Studio Solution File, Format Version 12.00
Project("{FAE04EC0-301F-11D3-BF4B-00C04F79EFBC}") = "StylingParentRepro", "StylingParentRepro\StylingParentRepro.csproj", "{0BBAA5E6-D26B-48EC-808B-D8231E260DAB}"
EndProject
Global
	GlobalSection(SolutionConfigurationPlatforms) = preSolution
		Debug|Any CPU = Debug|Any CPU
		Release|Any CPU = Release|Any CPU
	EndGlobalSection
	GlobalSection(ProjectConfigurationPlatforms) = postSolution
		{0BBAA5E6-D26B-48EC-808B-D8231E260DAB}.Debug|Any CPU.ActiveCfg = Debug|Any CPU
		{0BBAA5E6-D26B-48EC-808B-D8231E260DAB}.Debug|Any CPU.Build.0 = Debug|Any CPU
		{0BBAA5E6-D26B-48EC-808B-D8231E260DAB}.Release|Any CPU.ActiveCfg = Release|Any CPU
		{0BBAA5E6-D26B-48EC-808B-D8231E260DAB}.Release|Any CPU.Build.0 = Release|Any CPU
	EndGlobalSection
EndGlobal
